
Microsoft Visual Studio Solution File, Format Version 12.00
# Visual Studio Version 16
VisualStudioVersion = 16.0.30028.174
MinimumVisualStudioVersion = 10.0.40219.1
Project("{9A19103F-16F7-4668-BE54-9A1E7A4F7556}") = "dip.common", "dip.common\dip.common.csproj", "{9AB39DD3-1EF8-46C1-9778-2D0D98A7012D}"
EndProject
Project("{9A19103F-16F7-4668-BE54-9A1E7A4F7556}") = "dip.web", "dip.web\dip.web.csproj", "{BA8E3F03-5A7F-408B-A0BF-313CC2E9C4DD}"
EndProject
Project("{FAE04EC0-301F-11D3-BF4B-00C04F79EFBC}") = "dip.Prism", "dip.Prism\dip.Prism\dip.Prism.csproj", "{D4B45E9F-720C-4A13-899C-5CE35B5A28DF}"
EndProject
Project("{FAE04EC0-301F-11D3-BF4B-00C04F79EFBC}") = "dip.Prism.Android", "dip.Prism\dip.Prism.Android\dip.Prism.Android.csproj", "{7D375D38-B41E-4288-BB44-1602028F9703}"
EndProject
Project("{FAE04EC0-301F-11D3-BF4B-00C04F79EFBC}") = "dip.Prism.iOS", "dip.Prism\dip.Prism.iOS\dip.Prism.iOS.csproj", "{993E5540-48E9-454A-9337-2A160320F132}"
EndProject
Project("{FAE04EC0-301F-11D3-BF4B-00C04F79EFBC}") = "dip.Cross.Android", "dip.Cross.Android\dip.Cross.Android.csproj", "{0EE3D35E-EE09-44F7-8829-44972D0E8E7F}"
EndProject
Project("{FAE04EC0-301F-11D3-BF4B-00C04F79EFBC}") = "dip.Cross.IOS", "dip.Cross.IOS\dip.Cross.IOS.csproj", "{B0EB13B7-B192-4897-8E6E-19926BD2EAE2}"
EndProject
Global
	GlobalSection(SolutionConfigurationPlatforms) = preSolution
		Ad-Hoc|Any CPU = Ad-Hoc|Any CPU
		Ad-Hoc|iPhone = Ad-Hoc|iPhone
		Ad-Hoc|iPhoneSimulator = Ad-Hoc|iPhoneSimulator
		AppStore|Any CPU = AppStore|Any CPU
		AppStore|iPhone = AppStore|iPhone
		AppStore|iPhoneSimulator = AppStore|iPhoneSimulator
		Debug|Any CPU = Debug|Any CPU
		Debug|iPhone = Debug|iPhone
		Debug|iPhoneSimulator = Debug|iPhoneSimulator
		Release|Any CPU = Release|Any CPU
		Release|iPhone = Release|iPhone
		Release|iPhoneSimulator = Release|iPhoneSimulator
	EndGlobalSection
	GlobalSection(ProjectConfigurationPlatforms) = postSolution
		{9AB39DD3-1EF8-46C1-9778-2D0D98A7012D}.Ad-Hoc|Any CPU.ActiveCfg = Release|Any CPU
		{9AB39DD3-1EF8-46C1-9778-2D0D98A7012D}.Ad-Hoc|Any CPU.Build.0 = Release|Any CPU
		{9AB39DD3-1EF8-46C1-9778-2D0D98A7012D}.Ad-Hoc|iPhone.ActiveCfg = Release|Any CPU
		{9AB39DD3-1EF8-46C1-9778-2D0D98A7012D}.Ad-Hoc|iPhone.Build.0 = Release|Any CPU
		{9AB39DD3-1EF8-46C1-9778-2D0D98A7012D}.Ad-Hoc|iPhoneSimulator.ActiveCfg = Release|Any CPU
		{9AB39DD3-1EF8-46C1-9778-2D0D98A7012D}.Ad-Hoc|iPhoneSimulator.Build.0 = Release|Any CPU
		{9AB39DD3-1EF8-46C1-9778-2D0D98A7012D}.AppStore|Any CPU.ActiveCfg = Release|Any CPU
		{9AB39DD3-1EF8-46C1-9778-2D0D98A7012D}.AppStore|Any CPU.Build.0 = Release|Any CPU
		{9AB39DD3-1EF8-46C1-9778-2D0D98A7012D}.AppStore|iPhone.ActiveCfg = Release|Any CPU
		{9AB39DD3-1EF8-46C1-9778-2D0D98A7012D}.AppStore|iPhone.Build.0 = Release|Any CPU
		{9AB39DD3-1EF8-46C1-9778-2D0D98A7012D}.AppStore|iPhoneSimulator.ActiveCfg = Release|Any CPU
		{9AB39DD3-1EF8-46C1-9778-2D0D98A7012D}.AppStore|iPhoneSimulator.Build.0 = Release|Any CPU
		{9AB39DD3-1EF8-46C1-9778-2D0D98A7012D}.Debug|Any CPU.ActiveCfg = Debug|Any CPU
		{9AB39DD3-1EF8-46C1-9778-2D0D98A7012D}.Debug|Any CPU.Build.0 = Debug|Any CPU
		{9AB39DD3-1EF8-46C1-9778-2D0D98A7012D}.Debug|iPhone.ActiveCfg = Debug|Any CPU
		{9AB39DD3-1EF8-46C1-9778-2D0D98A7012D}.Debug|iPhone.Build.0 = Debug|Any CPU
		{9AB39DD3-1EF8-46C1-9778-2D0D98A7012D}.Debug|iPhoneSimulator.ActiveCfg = Debug|Any CPU
		{9AB39DD3-1EF8-46C1-9778-2D0D98A7012D}.Debug|iPhoneSimulator.Build.0 = Debug|Any CPU
		{9AB39DD3-1EF8-46C1-9778-2D0D98A7012D}.Release|Any CPU.ActiveCfg = Release|Any CPU
		{9AB39DD3-1EF8-46C1-9778-2D0D98A7012D}.Release|Any CPU.Build.0 = Release|Any CPU
		{9AB39DD3-1EF8-46C1-9778-2D0D98A7012D}.Release|iPhone.ActiveCfg = Release|Any CPU
		{9AB39DD3-1EF8-46C1-9778-2D0D98A7012D}.Release|iPhone.Build.0 = Release|Any CPU
		{9AB39DD3-1EF8-46C1-9778-2D0D98A7012D}.Release|iPhoneSimulator.ActiveCfg = Release|Any CPU
		{9AB39DD3-1EF8-46C1-9778-2D0D98A7012D}.Release|iPhoneSimulator.Build.0 = Release|Any CPU
		{BA8E3F03-5A7F-408B-A0BF-313CC2E9C4DD}.Ad-Hoc|Any CPU.ActiveCfg = Release|Any CPU
		{BA8E3F03-5A7F-408B-A0BF-313CC2E9C4DD}.Ad-Hoc|Any CPU.Build.0 = Release|Any CPU
		{BA8E3F03-5A7F-408B-A0BF-313CC2E9C4DD}.Ad-Hoc|iPhone.ActiveCfg = Release|Any CPU
		{BA8E3F03-5A7F-408B-A0BF-313CC2E9C4DD}.Ad-Hoc|iPhone.Build.0 = Release|Any CPU
		{BA8E3F03-5A7F-408B-A0BF-313CC2E9C4DD}.Ad-Hoc|iPhoneSimulator.ActiveCfg = Release|Any CPU
		{BA8E3F03-5A7F-408B-A0BF-313CC2E9C4DD}.Ad-Hoc|iPhoneSimulator.Build.0 = Release|Any CPU
		{BA8E3F03-5A7F-408B-A0BF-313CC2E9C4DD}.AppStore|Any CPU.ActiveCfg = Release|Any CPU
		{BA8E3F03-5A7F-408B-A0BF-313CC2E9C4DD}.AppStore|Any CPU.Build.0 = Release|Any CPU
		{BA8E3F03-5A7F-408B-A0BF-313CC2E9C4DD}.AppStore|iPhone.ActiveCfg = Release|Any CPU
		{BA8E3F03-5A7F-408B-A0BF-313CC2E9C4DD}.AppStore|iPhone.Build.0 = Release|Any CPU
		{BA8E3F03-5A7F-408B-A0BF-313CC2E9C4DD}.AppStore|iPhoneSimulator.ActiveCfg = Release|Any CPU
		{BA8E3F03-5A7F-408B-A0BF-313CC2E9C4DD}.AppStore|iPhoneSimulator.Build.0 = Release|Any CPU
		{BA8E3F03-5A7F-408B-A0BF-313CC2E9C4DD}.Debug|Any CPU.ActiveCfg = Debug|Any CPU
		{BA8E3F03-5A7F-408B-A0BF-313CC2E9C4DD}.Debug|Any CPU.Build.0 = Debug|Any CPU
		{BA8E3F03-5A7F-408B-A0BF-313CC2E9C4DD}.Debug|iPhone.ActiveCfg = Debug|Any CPU
		{BA8E3F03-5A7F-408B-A0BF-313CC2E9C4DD}.Debug|iPhone.Build.0 = Debug|Any CPU
		{BA8E3F03-5A7F-408B-A0BF-313CC2E9C4DD}.Debug|iPhoneSimulator.ActiveCfg = Debug|Any CPU
		{BA8E3F03-5A7F-408B-A0BF-313CC2E9C4DD}.Debug|iPhoneSimulator.Build.0 = Debug|Any CPU
		{BA8E3F03-5A7F-408B-A0BF-313CC2E9C4DD}.Release|Any CPU.ActiveCfg = Release|Any CPU
		{BA8E3F03-5A7F-408B-A0BF-313CC2E9C4DD}.Release|Any CPU.Build.0 = Release|Any CPU
		{BA8E3F03-5A7F-408B-A0BF-313CC2E9C4DD}.Release|iPhone.ActiveCfg = Release|Any CPU
		{BA8E3F03-5A7F-408B-A0BF-313CC2E9C4DD}.Release|iPhone.Build.0 = Release|Any CPU
		{BA8E3F03-5A7F-408B-A0BF-313CC2E9C4DD}.Release|iPhoneSimulator.ActiveCfg = Release|Any CPU
		{BA8E3F03-5A7F-408B-A0BF-313CC2E9C4DD}.Release|iPhoneSimulator.Build.0 = Release|Any CPU
		{D4B45E9F-720C-4A13-899C-5CE35B5A28DF}.Ad-Hoc|Any CPU.ActiveCfg = Debug|Any CPU
		{D4B45E9F-720C-4A13-899C-5CE35B5A28DF}.Ad-Hoc|Any CPU.Build.0 = Debug|Any CPU
		{D4B45E9F-720C-4A13-899C-5CE35B5A28DF}.Ad-Hoc|iPhone.ActiveCfg = Debug|Any CPU
		{D4B45E9F-720C-4A13-899C-5CE35B5A28DF}.Ad-Hoc|iPhone.Build.0 = Debug|Any CPU
		{D4B45E9F-720C-4A13-899C-5CE35B5A28DF}.Ad-Hoc|iPhoneSimulator.ActiveCfg = Debug|Any CPU
		{D4B45E9F-720C-4A13-899C-5CE35B5A28DF}.Ad-Hoc|iPhoneSimulator.Build.0 = Debug|Any CPU
		{D4B45E9F-720C-4A13-899C-5CE35B5A28DF}.AppStore|Any CPU.ActiveCfg = Debug|Any CPU
		{D4B45E9F-720C-4A13-899C-5CE35B5A28DF}.AppStore|Any CPU.Build.0 = Debug|Any CPU
		{D4B45E9F-720C-4A13-899C-5CE35B5A28DF}.AppStore|iPhone.ActiveCfg = Debug|Any CPU
		{D4B45E9F-720C-4A13-899C-5CE35B5A28DF}.AppStore|iPhone.Build.0 = Debug|Any CPU
		{D4B45E9F-720C-4A13-899C-5CE35B5A28DF}.AppStore|iPhoneSimulator.ActiveCfg = Debug|Any CPU
		{D4B45E9F-720C-4A13-899C-5CE35B5A28DF}.AppStore|iPhoneSimulator.Build.0 = Debug|Any CPU
		{D4B45E9F-720C-4A13-899C-5CE35B5A28DF}.Debug|Any CPU.ActiveCfg = Debug|Any CPU
		{D4B45E9F-720C-4A13-899C-5CE35B5A28DF}.Debug|Any CPU.Build.0 = Debug|Any CPU
		{D4B45E9F-720C-4A13-899C-5CE35B5A28DF}.Debug|iPhone.ActiveCfg = Debug|Any CPU
		{D4B45E9F-720C-4A13-899C-5CE35B5A28DF}.Debug|iPhone.Build.0 = Debug|Any CPU
		{D4B45E9F-720C-4A13-899C-5CE35B5A28DF}.Debug|iPhoneSimulator.ActiveCfg = Debug|Any CPU
		{D4B45E9F-720C-4A13-899C-5CE35B5A28DF}.Debug|iPhoneSimulator.Build.0 = Debug|Any CPU
		{D4B45E9F-720C-4A13-899C-5CE35B5A28DF}.Release|Any CPU.ActiveCfg = Release|Any CPU
		{D4B45E9F-720C-4A13-899C-5CE35B5A28DF}.Release|Any CPU.Build.0 = Release|Any CPU
		{D4B45E9F-720C-4A13-899C-5CE35B5A28DF}.Release|iPhone.ActiveCfg = Release|Any CPU
		{D4B45E9F-720C-4A13-899C-5CE35B5A28DF}.Release|iPhone.Build.0 = Release|Any CPU
		{D4B45E9F-720C-4A13-899C-5CE35B5A28DF}.Release|iPhoneSimulator.ActiveCfg = Release|Any CPU
		{D4B45E9F-720C-4A13-899C-5CE35B5A28DF}.Release|iPhoneSimulator.Build.0 = Release|Any CPU
		{7D375D38-B41E-4288-BB44-1602028F9703}.Ad-Hoc|Any CPU.ActiveCfg = Release|Any CPU
		{7D375D38-B41E-4288-BB44-1602028F9703}.Ad-Hoc|Any CPU.Build.0 = Release|Any CPU
		{7D375D38-B41E-4288-BB44-1602028F9703}.Ad-Hoc|Any CPU.Deploy.0 = Release|Any CPU
		{7D375D38-B41E-4288-BB44-1602028F9703}.Ad-Hoc|iPhone.ActiveCfg = Release|Any CPU
		{7D375D38-B41E-4288-BB44-1602028F9703}.Ad-Hoc|iPhone.Build.0 = Release|Any CPU
		{7D375D38-B41E-4288-BB44-1602028F9703}.Ad-Hoc|iPhone.Deploy.0 = Release|Any CPU
		{7D375D38-B41E-4288-BB44-1602028F9703}.Ad-Hoc|iPhoneSimulator.ActiveCfg = Release|Any CPU
		{7D375D38-B41E-4288-BB44-1602028F9703}.Ad-Hoc|iPhoneSimulator.Build.0 = Release|Any CPU
		{7D375D38-B41E-4288-BB44-1602028F9703}.Ad-Hoc|iPhoneSimulator.Deploy.0 = Release|Any CPU
		{7D375D38-B41E-4288-BB44-1602028F9703}.AppStore|Any CPU.ActiveCfg = Release|Any CPU
		{7D375D38-B41E-4288-BB44-1602028F9703}.AppStore|Any CPU.Build.0 = Release|Any CPU
		{7D375D38-B41E-4288-BB44-1602028F9703}.AppStore|Any CPU.Deploy.0 = Release|Any CPU
		{7D375D38-B41E-4288-BB44-1602028F9703}.AppStore|iPhone.ActiveCfg = Release|Any CPU
		{7D375D38-B41E-4288-BB44-1602028F9703}.AppStore|iPhone.Build.0 = Release|Any CPU
		{7D375D38-B41E-4288-BB44-1602028F9703}.AppStore|iPhone.Deploy.0 = Release|Any CPU
		{7D375D38-B41E-4288-BB44-1602028F9703}.AppStore|iPhoneSimulator.ActiveCfg = Release|Any CPU
		{7D375D38-B41E-4288-BB44-1602028F9703}.AppStore|iPhoneSimulator.Build.0 = Release|Any CPU
		{7D375D38-B41E-4288-BB44-1602028F9703}.AppStore|iPhoneSimulator.Deploy.0 = Release|Any CPU
		{7D375D38-B41E-4288-BB44-1602028F9703}.Debug|Any CPU.ActiveCfg = Debug|Any CPU
		{7D375D38-B41E-4288-BB44-1602028F9703}.Debug|Any CPU.Build.0 = Debug|Any CPU
		{7D375D38-B41E-4288-BB44-1602028F9703}.Debug|Any CPU.Deploy.0 = Debug|Any CPU
		{7D375D38-B41E-4288-BB44-1602028F9703}.Debug|iPhone.ActiveCfg = Debug|Any CPU
		{7D375D38-B41E-4288-BB44-1602028F9703}.Debug|iPhone.Build.0 = Debug|Any CPU
		{7D375D38-B41E-4288-BB44-1602028F9703}.Debug|iPhone.Deploy.0 = Debug|Any CPU
		{7D375D38-B41E-4288-BB44-1602028F9703}.Debug|iPhoneSimulator.ActiveCfg = Debug|Any CPU
		{7D375D38-B41E-4288-BB44-1602028F9703}.Debug|iPhoneSimulator.Build.0 = Debug|Any CPU
		{7D375D38-B41E-4288-BB44-1602028F9703}.Debug|iPhoneSimulator.Deploy.0 = Debug|Any CPU
		{7D375D38-B41E-4288-BB44-1602028F9703}.Release|Any CPU.ActiveCfg = Release|Any CPU
		{7D375D38-B41E-4288-BB44-1602028F9703}.Release|Any CPU.Build.0 = Release|Any CPU
		{7D375D38-B41E-4288-BB44-1602028F9703}.Release|Any CPU.Deploy.0 = Release|Any CPU
		{7D375D38-B41E-4288-BB44-1602028F9703}.Release|iPhone.ActiveCfg = Release|Any CPU
		{7D375D38-B41E-4288-BB44-1602028F9703}.Release|iPhone.Build.0 = Release|Any CPU
		{7D375D38-B41E-4288-BB44-1602028F9703}.Release|iPhone.Deploy.0 = Release|Any CPU
		{7D375D38-B41E-4288-BB44-1602028F9703}.Release|iPhoneSimulator.ActiveCfg = Release|Any CPU
		{7D375D38-B41E-4288-BB44-1602028F9703}.Release|iPhoneSimulator.Build.0 = Release|Any CPU
		{7D375D38-B41E-4288-BB44-1602028F9703}.Release|iPhoneSimulator.Deploy.0 = Release|Any CPU
		{993E5540-48E9-454A-9337-2A160320F132}.Ad-Hoc|Any CPU.ActiveCfg = Ad-Hoc|iPhone
		{993E5540-48E9-454A-9337-2A160320F132}.Ad-Hoc|iPhone.ActiveCfg = Ad-Hoc|iPhone
		{993E5540-48E9-454A-9337-2A160320F132}.Ad-Hoc|iPhone.Build.0 = Ad-Hoc|iPhone
		{993E5540-48E9-454A-9337-2A160320F132}.Ad-Hoc|iPhoneSimulator.ActiveCfg = Ad-Hoc|iPhoneSimulator
		{993E5540-48E9-454A-9337-2A160320F132}.Ad-Hoc|iPhoneSimulator.Build.0 = Ad-Hoc|iPhoneSimulator
		{993E5540-48E9-454A-9337-2A160320F132}.AppStore|Any CPU.ActiveCfg = AppStore|iPhone
		{993E5540-48E9-454A-9337-2A160320F132}.AppStore|iPhone.ActiveCfg = AppStore|iPhone
		{993E5540-48E9-454A-9337-2A160320F132}.AppStore|iPhone.Build.0 = AppStore|iPhone
		{993E5540-48E9-454A-9337-2A160320F132}.AppStore|iPhoneSimulator.ActiveCfg = AppStore|iPhoneSimulator
		{993E5540-48E9-454A-9337-2A160320F132}.AppStore|iPhoneSimulator.Build.0 = AppStore|iPhoneSimulator
		{993E5540-48E9-454A-9337-2A160320F132}.Debug|Any CPU.ActiveCfg = Debug|iPhone
		{993E5540-48E9-454A-9337-2A160320F132}.Debug|iPhone.ActiveCfg = Debug|iPhone
		{993E5540-48E9-454A-9337-2A160320F132}.Debug|iPhone.Build.0 = Debug|iPhone
		{993E5540-48E9-454A-9337-2A160320F132}.Debug|iPhoneSimulator.ActiveCfg = Debug|iPhoneSimulator
		{993E5540-48E9-454A-9337-2A160320F132}.Debug|iPhoneSimulator.Build.0 = Debug|iPhoneSimulator
		{993E5540-48E9-454A-9337-2A160320F132}.Release|Any CPU.ActiveCfg = Release|iPhone
		{993E5540-48E9-454A-9337-2A160320F132}.Release|iPhone.ActiveCfg = Release|iPhone
		{993E5540-48E9-454A-9337-2A160320F132}.Release|iPhone.Build.0 = Release|iPhone
		{993E5540-48E9-454A-9337-2A160320F132}.Release|iPhoneSimulator.ActiveCfg = Release|iPhoneSimulator
		{993E5540-48E9-454A-9337-2A160320F132}.Release|iPhoneSimulator.Build.0 = Release|iPhoneSimulator
		{0EE3D35E-EE09-44F7-8829-44972D0E8E7F}.Ad-Hoc|Any CPU.ActiveCfg = Release|Any CPU
		{0EE3D35E-EE09-44F7-8829-44972D0E8E7F}.Ad-Hoc|Any CPU.Build.0 = Release|Any CPU
		{0EE3D35E-EE09-44F7-8829-44972D0E8E7F}.Ad-Hoc|Any CPU.Deploy.0 = Release|Any CPU
		{0EE3D35E-EE09-44F7-8829-44972D0E8E7F}.Ad-Hoc|iPhone.ActiveCfg = Release|Any CPU
		{0EE3D35E-EE09-44F7-8829-44972D0E8E7F}.Ad-Hoc|iPhone.Build.0 = Release|Any CPU
		{0EE3D35E-EE09-44F7-8829-44972D0E8E7F}.Ad-Hoc|iPhone.Deploy.0 = Release|Any CPU
		{0EE3D35E-EE09-44F7-8829-44972D0E8E7F}.Ad-Hoc|iPhoneSimulator.ActiveCfg = Release|Any CPU
		{0EE3D35E-EE09-44F7-8829-44972D0E8E7F}.Ad-Hoc|iPhoneSimulator.Build.0 = Release|Any CPU
		{0EE3D35E-EE09-44F7-8829-44972D0E8E7F}.Ad-Hoc|iPhoneSimulator.Deploy.0 = Release|Any CPU
		{0EE3D35E-EE09-44F7-8829-44972D0E8E7F}.AppStore|Any CPU.ActiveCfg = Release|Any CPU
		{0EE3D35E-EE09-44F7-8829-44972D0E8E7F}.AppStore|Any CPU.Build.0 = Release|Any CPU
		{0EE3D35E-EE09-44F7-8829-44972D0E8E7F}.AppStore|Any CPU.Deploy.0 = Release|Any CPU
		{0EE3D35E-EE09-44F7-8829-44972D0E8E7F}.AppStore|iPhone.ActiveCfg = Release|Any CPU
		{0EE3D35E-EE09-44F7-8829-44972D0E8E7F}.AppStore|iPhone.Build.0 = Release|Any CPU
		{0EE3D35E-EE09-44F7-8829-44972D0E8E7F}.AppStore|iPhone.Deploy.0 = Release|Any CPU
		{0EE3D35E-EE09-44F7-8829-44972D0E8E7F}.AppStore|iPhoneSimulator.ActiveCfg = Release|Any CPU
		{0EE3D35E-EE09-44F7-8829-44972D0E8E7F}.AppStore|iPhoneSimulator.Build.0 = Release|Any CPU
		{0EE3D35E-EE09-44F7-8829-44972D0E8E7F}.AppStore|iPhoneSimulator.Deploy.0 = Release|Any CPU
		{0EE3D35E-EE09-44F7-8829-44972D0E8E7F}.Debug|Any CPU.ActiveCfg = Debug|Any CPU
		{0EE3D35E-EE09-44F7-8829-44972D0E8E7F}.Debug|Any CPU.Build.0 = Debug|Any CPU
		{0EE3D35E-EE09-44F7-8829-44972D0E8E7F}.Debug|Any CPU.Deploy.0 = Debug|Any CPU
		{0EE3D35E-EE09-44F7-8829-44972D0E8E7F}.Debug|iPhone.ActiveCfg = Debug|Any CPU
		{0EE3D35E-EE09-44F7-8829-44972D0E8E7F}.Debug|iPhone.Build.0 = Debug|Any CPU
		{0EE3D35E-EE09-44F7-8829-44972D0E8E7F}.Debug|iPhone.Deploy.0 = Debug|Any CPU
		{0EE3D35E-EE09-44F7-8829-44972D0E8E7F}.Debug|iPhoneSimulator.ActiveCfg = Debug|Any CPU
		{0EE3D35E-EE09-44F7-8829-44972D0E8E7F}.Debug|iPhoneSimulator.Build.0 = Debug|Any CPU
		{0EE3D35E-EE09-44F7-8829-44972D0E8E7F}.Debug|iPhoneSimulator.Deploy.0 = Debug|Any CPU
		{0EE3D35E-EE09-44F7-8829-44972D0E8E7F}.Release|Any CPU.ActiveCfg = Release|Any CPU
		{0EE3D35E-EE09-44F7-8829-44972D0E8E7F}.Release|Any CPU.Build.0 = Release|Any CPU
		{0EE3D35E-EE09-44F7-8829-44972D0E8E7F}.Release|Any CPU.Deploy.0 = Release|Any CPU
		{0EE3D35E-EE09-44F7-8829-44972D0E8E7F}.Release|iPhone.ActiveCfg = Release|Any CPU
		{0EE3D35E-EE09-44F7-8829-44972D0E8E7F}.Release|iPhone.Build.0 = Release|Any CPU
		{0EE3D35E-EE09-44F7-8829-44972D0E8E7F}.Release|iPhone.Deploy.0 = Release|Any CPU
		{0EE3D35E-EE09-44F7-8829-44972D0E8E7F}.Release|iPhoneSimulator.ActiveCfg = Release|Any CPU
		{0EE3D35E-EE09-44F7-8829-44972D0E8E7F}.Release|iPhoneSimulator.Build.0 = Release|Any CPU
		{0EE3D35E-EE09-44F7-8829-44972D0E8E7F}.Release|iPhoneSimulator.Deploy.0 = Release|Any CPU
		{B0EB13B7-B192-4897-8E6E-19926BD2EAE2}.Ad-Hoc|Any CPU.ActiveCfg = Release|iPhone
		{B0EB13B7-B192-4897-8E6E-19926BD2EAE2}.Ad-Hoc|Any CPU.Build.0 = Release|iPhone
		{B0EB13B7-B192-4897-8E6E-19926BD2EAE2}.Ad-Hoc|iPhone.ActiveCfg = Release|iPhone
		{B0EB13B7-B192-4897-8E6E-19926BD2EAE2}.Ad-Hoc|iPhone.Build.0 = Release|iPhone
		{B0EB13B7-B192-4897-8E6E-19926BD2EAE2}.Ad-Hoc|iPhoneSimulator.ActiveCfg = Release|iPhoneSimulator
		{B0EB13B7-B192-4897-8E6E-19926BD2EAE2}.Ad-Hoc|iPhoneSimulator.Build.0 = Release|iPhoneSimulator
		{B0EB13B7-B192-4897-8E6E-19926BD2EAE2}.AppStore|Any CPU.ActiveCfg = Release|iPhone
		{B0EB13B7-B192-4897-8E6E-19926BD2EAE2}.AppStore|Any CPU.Build.0 = Release|iPhone
		{B0EB13B7-B192-4897-8E6E-19926BD2EAE2}.AppStore|iPhone.ActiveCfg = Release|iPhone
		{B0EB13B7-B192-4897-8E6E-19926BD2EAE2}.AppStore|iPhone.Build.0 = Release|iPhone
		{B0EB13B7-B192-4897-8E6E-19926BD2EAE2}.AppStore|iPhoneSimulator.ActiveCfg = Release|iPhoneSimulator
		{B0EB13B7-B192-4897-8E6E-19926BD2EAE2}.AppStore|iPhoneSimulator.Build.0 = Release|iPhoneSimulator
		{B0EB13B7-B192-4897-8E6E-19926BD2EAE2}.Debug|Any CPU.ActiveCfg = Debug|iPhone
		{B0EB13B7-B192-4897-8E6E-19926BD2EAE2}.Debug|iPhone.ActiveCfg = Debug|iPhone
		{B0EB13B7-B192-4897-8E6E-19926BD2EAE2}.Debug|iPhone.Build.0 = Debug|iPhone
		{B0EB13B7-B192-4897-8E6E-19926BD2EAE2}.Debug|iPhoneSimulator.ActiveCfg = Debug|iPhoneSimulator
		{B0EB13B7-B192-4897-8E6E-19926BD2EAE2}.Debug|iPhoneSimulator.Build.0 = Debug|iPhoneSimulator
		{B0EB13B7-B192-4897-8E6E-19926BD2EAE2}.Release|Any CPU.ActiveCfg = Release|iPhone
		{B0EB13B7-B192-4897-8E6E-19926BD2EAE2}.Release|iPhone.ActiveCfg = Release|iPhone
		{B0EB13B7-B192-4897-8E6E-19926BD2EAE2}.Release|iPhone.Build.0 = Release|iPhone
		{B0EB13B7-B192-4897-8E6E-19926BD2EAE2}.Release|iPhoneSimulator.ActiveCfg = Release|iPhoneSimulator
		{B0EB13B7-B192-4897-8E6E-19926BD2EAE2}.Release|iPhoneSimulator.Build.0 = Release|iPhoneSimulator
	EndGlobalSection
	GlobalSection(SolutionProperties) = preSolution
		HideSolutionNode = FALSE
	EndGlobalSection
	GlobalSection(ExtensibilityGlobals) = postSolution
		SolutionGuid = {13887BE6-8EA7-4B66-B2F6-871891575BBB}
	EndGlobalSection
EndGlobal
